
Microsoft Visual Studio Solution File, Format Version 12.00
# Visual Studio 15
VisualStudioVersion = 15.0.27428.2037
MinimumVisualStudioVersion = 10.0.40219.1
Project("{FAE04EC0-301F-11D3-BF4B-00C04F79EFBC}") = "RC4 Algorithm", "RC4 Algorithm\RC4 Algorithm.csproj", "{3B486764-054E-4DA4-BDCC-78E1D5F3275D}"
EndProject
Global
	GlobalSection(SolutionConfigurationPlatforms) = preSolution
		Debug|Any CPU = Debug|Any CPU
		Release|Any CPU = Release|Any CPU
	EndGlobalSection
	GlobalSection(ProjectConfigurationPlatforms) = postSolution
		{3B486764-054E-4DA4-BDCC-78E1D5F3275D}.Debug|Any CPU.ActiveCfg = Debug|Any CPU
		{3B486764-054E-4DA4-BDCC-78E1D5F3275D}.Debug|Any CPU.Build.0 = Debug|Any CPU
		{3B486764-054E-4DA4-BDCC-78E1D5F3275D}.Release|Any CPU.ActiveCfg = Release|Any CPU
		{3B486764-054E-4DA4-BDCC-78E1D5F3275D}.Release|Any CPU.Build.0 = Release|Any CPU
	EndGlobalSection
	GlobalSection(SolutionProperties) = preSolution
		HideSolutionNode = FALSE
	EndGlobalSection
	GlobalSection(ExtensibilityGlobals) = postSolution
		SolutionGuid = {45F83466-712A-42EE-9531-F65E2C4DE116}
	EndGlobalSection
EndGlobal
